
Microsoft Visual Studio Solution File, Format Version 12.00
# Visual Studio Version 17
VisualStudioVersion = 17.11.35431.28
MinimumVisualStudioVersion = 10.0.40219.1
Project("{FAE04EC0-301F-11D3-BF4B-00C04F79EFBC}") = "EindopdrachtDD1", "EindopdrachtDD1\EindopdrachtDD1.csproj", "{06D250E3-07FE-46D6-A3FF-C9CD6FC2A587}"
EndProject
Global
	GlobalSection(SolutionConfigurationPlatforms) = preSolution
		Debug|Any CPU = Debug|Any CPU
		Release|Any CPU = Release|Any CPU
	EndGlobalSection
	GlobalSection(ProjectConfigurationPlatforms) = postSolution
		{06D250E3-07FE-46D6-A3FF-C9CD6FC2A587}.Debug|Any CPU.ActiveCfg = Debug|Any CPU
		{06D250E3-07FE-46D6-A3FF-C9CD6FC2A587}.Debug|Any CPU.Build.0 = Debug|Any CPU
		{06D250E3-07FE-46D6-A3FF-C9CD6FC2A587}.Release|Any CPU.ActiveCfg = Release|Any CPU
		{06D250E3-07FE-46D6-A3FF-C9CD6FC2A587}.Release|Any CPU.Build.0 = Release|Any CPU
	EndGlobalSection
	GlobalSection(SolutionProperties) = preSolution
		HideSolutionNode = FALSE
	EndGlobalSection
	GlobalSection(ExtensibilityGlobals) = postSolution
		SolutionGuid = {A05ECA5A-05B0-437F-96E5-B29F79E760EF}
	EndGlobalSection
EndGlobal
