
Microsoft Visual Studio Solution File, Format Version 12.00
# Visual Studio Version 17
VisualStudioVersion = 17.11.35219.272
MinimumVisualStudioVersion = 10.0.40219.1
Project("{FAE04EC0-301F-11D3-BF4B-00C04F79EFBC}") = "UpperLowerCase", "UpperLowerCase\UpperLowerCase.csproj", "{A252897E-3FAC-4083-87E4-5CB9C6DC4C57}"
EndProject
Global
	GlobalSection(SolutionConfigurationPlatforms) = preSolution
		Debug|Any CPU = Debug|Any CPU
		Release|Any CPU = Release|Any CPU
	EndGlobalSection
	GlobalSection(ProjectConfigurationPlatforms) = postSolution
		{A252897E-3FAC-4083-87E4-5CB9C6DC4C57}.Debug|Any CPU.ActiveCfg = Debug|Any CPU
		{A252897E-3FAC-4083-87E4-5CB9C6DC4C57}.Debug|Any CPU.Build.0 = Debug|Any CPU
		{A252897E-3FAC-4083-87E4-5CB9C6DC4C57}.Release|Any CPU.ActiveCfg = Release|Any CPU
		{A252897E-3FAC-4083-87E4-5CB9C6DC4C57}.Release|Any CPU.Build.0 = Release|Any CPU
	EndGlobalSection
	GlobalSection(SolutionProperties) = preSolution
		HideSolutionNode = FALSE
	EndGlobalSection
	GlobalSection(ExtensibilityGlobals) = postSolution
		SolutionGuid = {4E70A18E-71A8-4973-B25A-551A287DAEB9}
	EndGlobalSection
EndGlobal
